
Microsoft Visual Studio Solution File, Format Version 12.00
# Visual Studio 15
VisualStudioVersion = 15.0.27428.2037
MinimumVisualStudioVersion = 10.0.40219.1
Project("{FAE04EC0-301F-11D3-BF4B-00C04F79EFBC}") = "MHPalindrome", "MHPalindrome\MHPalindrome.csproj", "{6AF83701-3A74-4FDF-AE54-151D93F0664F}"
EndProject
Project("{FAE04EC0-301F-11D3-BF4B-00C04F79EFBC}") = "Palindrome.Test", "Palindrome.Test\Palindrome.Test.csproj", "{F8F863C7-7637-443C-A8F6-AA459BA54C4F}"
EndProject
Global
	GlobalSection(SolutionConfigurationPlatforms) = preSolution
		Debug|Any CPU = Debug|Any CPU
		Release|Any CPU = Release|Any CPU
	EndGlobalSection
	GlobalSection(ProjectConfigurationPlatforms) = postSolution
		{6AF83701-3A74-4FDF-AE54-151D93F0664F}.Debug|Any CPU.ActiveCfg = Debug|Any CPU
		{6AF83701-3A74-4FDF-AE54-151D93F0664F}.Debug|Any CPU.Build.0 = Debug|Any CPU
		{6AF83701-3A74-4FDF-AE54-151D93F0664F}.Release|Any CPU.ActiveCfg = Release|Any CPU
		{6AF83701-3A74-4FDF-AE54-151D93F0664F}.Release|Any CPU.Build.0 = Release|Any CPU
		{F8F863C7-7637-443C-A8F6-AA459BA54C4F}.Debug|Any CPU.ActiveCfg = Debug|Any CPU
		{F8F863C7-7637-443C-A8F6-AA459BA54C4F}.Debug|Any CPU.Build.0 = Debug|Any CPU
		{F8F863C7-7637-443C-A8F6-AA459BA54C4F}.Release|Any CPU.ActiveCfg = Release|Any CPU
		{F8F863C7-7637-443C-A8F6-AA459BA54C4F}.Release|Any CPU.Build.0 = Release|Any CPU
	EndGlobalSection
	GlobalSection(SolutionProperties) = preSolution
		HideSolutionNode = FALSE
	EndGlobalSection
	GlobalSection(ExtensibilityGlobals) = postSolution
		SolutionGuid = {35403202-F1EF-4BA6-9544-91A5C673488A}
	EndGlobalSection
EndGlobal
